// !$*UTF8*$!
{
	archiveVersion = 1;
	classes = {
	};
	objectVersion = 77;
	objects = {

/* Begin PBXBuildFile section */
		61ED82402E8A2B9C0078797A /* FirebaseAnalytics in Frameworks */ = {isa = PBXBuildFile; productRef = 61ED823F2E8A2B9C0078797A /* FirebaseAnalytics */; };
		61ED82422E8A2B9C0078797A /* FirebaseAppDistribution-Beta in Frameworks */ = {isa = PBXBuildFile; productRef = 61ED82412E8A2B9C0078797A /* FirebaseAppDistribution-Beta */; };
		61ED82442E8A2B9C0078797A /* FirebaseAuth in Frameworks */ = {isa = PBXBuildFile; productRef = 61ED82432E8A2B9C0078797A /* FirebaseAuth */; };
		61ED82462E8A2B9C0078797A /* FirebaseCore in Frameworks */ = {isa = PBXBuildFile; productRef = 61ED82452E8A2B9C0078797A /* FirebaseCore */; };
		61ED82482E8A2B9C0078797A /* FirebaseCrashlytics in Frameworks */ = {isa = PBXBuildFile; productRef = 61ED82472E8A2B9C0078797A /* FirebaseCrashlytics */; };
		61ED824A2E8A2B9C0078797A /* FirebaseFirestore in Frameworks */ = {isa = PBXBuildFile; productRef = 61ED82492E8A2B9C0078797A /* FirebaseFirestore */; };
		61ED824C2E8A2B9C0078797A /* FirebaseInAppMessaging-Beta in Frameworks */ = {isa = PBXBuildFile; productRef = 61ED824B2E8A2B9C0078797A /* FirebaseInAppMessaging-Beta */; };
		61ED824E2E8A2B9C0078797A /* FirebaseMessaging in Frameworks */ = {isa = PBXBuildFile; productRef = 61ED824D2E8A2B9C0078797A /* FirebaseMessaging */; };
		61ED82512E8A2CC70078797A /* GRPCCore in Frameworks */ = {isa = PBXBuildFile; productRef = 61ED82502E8A2CC70078797A /* GRPCCore */; };
		61ED82542E8A2D090078797A /* Promises in Frameworks */ = {isa = PBXBuildFile; productRef = 61ED82532E8A2D090078797A /* Promises */; };
		61ED82EC2E8DA5F60078797A /* SkeletonUI in Frameworks */ = {isa = PBXBuildFile; productRef = 61ED82EB2E8DA5F60078797A /* SkeletonUI */; };
		61ED82EF2E8DA6ED0078797A /* Polyline in Frameworks */ = {isa = PBXBuildFile; productRef = 61ED82EE2E8DA6ED0078797A /* Polyline */; };
		61ED83752E9442370078797A /* FirebaseStorage in Frameworks */ = {isa = PBXBuildFile; productRef = 61ED83742E9442370078797A /* FirebaseStorage */; };
/* End PBXBuildFile section */

/* Begin PBXContainerItemProxy section */
		61ED82212E8A27A90078797A /* PBXContainerItemProxy */ = {
			isa = PBXContainerItemProxy;
			containerPortal = 61ED82042E8A27A70078797A /* Project object */;
			proxyType = 1;
			remoteGlobalIDString = 61ED820B2E8A27A70078797A;
			remoteInfo = safesteps.gps;
		};
		61ED822B2E8A27A90078797A /* PBXContainerItemProxy */ = {
			isa = PBXContainerItemProxy;
			containerPortal = 61ED82042E8A27A70078797A /* Project object */;
			proxyType = 1;
			remoteGlobalIDString = 61ED820B2E8A27A70078797A;
			remoteInfo = safesteps.gps;
		};
/* End PBXContainerItemProxy section */

/* Begin PBXFileReference section */
		61ED820C2E8A27A70078797A /* safesteps.gps.app */ = {isa = PBXFileReference; explicitFileType = wrapper.application; includeInIndex = 0; path = safesteps.gps.app; sourceTree = BUILT_PRODUCTS_DIR; };
		61ED82202E8A27A90078797A /* safesteps.gpsTests.xctest */ = {isa = PBXFileReference; explicitFileType = wrapper.cfbundle; includeInIndex = 0; path = safesteps.gpsTests.xctest; sourceTree = BUILT_PRODUCTS_DIR; };
		61ED822A2E8A27A90078797A /* safesteps.gpsUITests.xctest */ = {isa = PBXFileReference; explicitFileType = wrapper.cfbundle; includeInIndex = 0; path = safesteps.gpsUITests.xctest; sourceTree = BUILT_PRODUCTS_DIR; };
/* End PBXFileReference section */

/* Begin PBXFileSystemSynchronizedBuildFileExceptionSet section */
		61ED82322E8A27A90078797A /* Exceptions for "safesteps.gps" folder in "safesteps.gps" target */ = {
			isa = PBXFileSystemSynchronizedBuildFileExceptionSet;
			membershipExceptions = (
				Info.plist,
			);
			target = 61ED820B2E8A27A70078797A /* safesteps.gps */;
		};
/* End PBXFileSystemSynchronizedBuildFileExceptionSet section */

/* Begin PBXFileSystemSynchronizedRootGroup section */
		61ED820E2E8A27A70078797A /* safesteps.gps */ = {
			isa = PBXFileSystemSynchronizedRootGroup;
			exceptions = (
				61ED82322E8A27A90078797A /* Exceptions for "safesteps.gps" folder in "safesteps.gps" target */,
			);
			explicitFolders = (
				AppIcons,
			);
			path = safesteps.gps;
			sourceTree = "<group>";
		};
		61ED82232E8A27A90078797A /* safesteps.gpsTests */ = {
			isa = PBXFileSystemSynchronizedRootGroup;
			path = safesteps.gpsTests;
			sourceTree = "<group>";
		};
		61ED822D2E8A27A90078797A /* safesteps.gpsUITests */ = {
			isa = PBXFileSystemSynchronizedRootGroup;
			path = safesteps.gpsUITests;
			sourceTree = "<group>";
		};
/* End PBXFileSystemSynchronizedRootGroup section */

/* Begin PBXFrameworksBuildPhase section */
		61ED82092E8A27A70078797A /* Frameworks */ = {
			isa = PBXFrameworksBuildPhase;
			buildActionMask = 2147483647;
			files = (
				61ED824E2E8A2B9C0078797A /* FirebaseMessaging in Frameworks */,
				61ED82402E8A2B9C0078797A /* FirebaseAnalytics in Frameworks */,
				61ED824C2E8A2B9C0078797A /* FirebaseInAppMessaging-Beta in Frameworks */,
				61ED82442E8A2B9C0078797A /* FirebaseAuth in Frameworks */,
				61ED82512E8A2CC70078797A /* GRPCCore in Frameworks */,
				61ED82482E8A2B9C0078797A /* FirebaseCrashlytics in Frameworks */,
				61ED82462E8A2B9C0078797A /* FirebaseCore in Frameworks */,
				61ED82EC2E8DA5F60078797A /* SkeletonUI in Frameworks */,
				61ED83752E9442370078797A /* FirebaseStorage in Frameworks */,
				61ED82EF2E8DA6ED0078797A /* Polyline in Frameworks */,
				61ED82422E8A2B9C0078797A /* FirebaseAppDistribution-Beta in Frameworks */,
				61ED82542E8A2D090078797A /* Promises in Frameworks */,
				61ED824A2E8A2B9C0078797A /* FirebaseFirestore in Frameworks */,
			);
			runOnlyForDeploymentPostprocessing = 0;
		};
		61ED821D2E8A27A90078797A /* Frameworks */ = {
			isa = PBXFrameworksBuildPhase;
			buildActionMask = 2147483647;
			files = (
			);
			runOnlyForDeploymentPostprocessing = 0;
		};
		61ED82272E8A27A90078797A /* Frameworks */ = {
			isa = PBXFrameworksBuildPhase;
			buildActionMask = 2147483647;
			files = (
			);
			runOnlyForDeploymentPostprocessing = 0;
		};
/* End PBXFrameworksBuildPhase section */

/* Begin PBXGroup section */
		61ED82032E8A27A70078797A = {
			isa = PBXGroup;
			children = (
				61ED820E2E8A27A70078797A /* safesteps.gps */,
				61ED82232E8A27A90078797A /* safesteps.gpsTests */,
				61ED822D2E8A27A90078797A /* safesteps.gpsUITests */,
				61ED83732E9442370078797A /* Frameworks */,
				61ED820D2E8A27A70078797A /* Products */,
			);
			sourceTree = "<group>";
		};
		61ED820D2E8A27A70078797A /* Products */ = {
			isa = PBXGroup;
			children = (
				61ED820C2E8A27A70078797A /* safesteps.gps.app */,
				61ED82202E8A27A90078797A /* safesteps.gpsTests.xctest */,
				61ED822A2E8A27A90078797A /* safesteps.gpsUITests.xctest */,
			);
			name = Products;
			sourceTree = "<group>";
		};
		61ED83732E9442370078797A /* Frameworks */ = {
			isa = PBXGroup;
			children = (
			);
			name = Frameworks;
			sourceTree = "<group>";
		};
/* End PBXGroup section */

/* Begin PBXNativeTarget section */
		61ED820B2E8A27A70078797A /* safesteps.gps */ = {
			isa = PBXNativeTarget;
			buildConfigurationList = 61ED82332E8A27A90078797A /* Build configuration list for PBXNativeTarget "safesteps.gps" */;
			buildPhases = (
				61ED82082E8A27A70078797A /* Sources */,
				61ED82092E8A27A70078797A /* Frameworks */,
				61ED820A2E8A27A70078797A /* Resources */,
			);
			buildRules = (
			);
			dependencies = (
			);
			fileSystemSynchronizedGroups = (
				61ED820E2E8A27A70078797A /* safesteps.gps */,
			);
			name = safesteps.gps;
			packageProductDependencies = (
				61ED823F2E8A2B9C0078797A /* FirebaseAnalytics */,
				61ED82412E8A2B9C0078797A /* FirebaseAppDistribution-Beta */,
				61ED82432E8A2B9C0078797A /* FirebaseAuth */,
				61ED82452E8A2B9C0078797A /* FirebaseCore */,
				61ED82472E8A2B9C0078797A /* FirebaseCrashlytics */,
				61ED82492E8A2B9C0078797A /* FirebaseFirestore */,
				61ED824B2E8A2B9C0078797A /* FirebaseInAppMessaging-Beta */,
				61ED824D2E8A2B9C0078797A /* FirebaseMessaging */,
				61ED82502E8A2CC70078797A /* GRPCCore */,
				61ED82532E8A2D090078797A /* Promises */,
				61ED82EB2E8DA5F60078797A /* SkeletonUI */,
				61ED82EE2E8DA6ED0078797A /* Polyline */,
				61ED83742E9442370078797A /* FirebaseStorage */,
			);
			productName = safesteps.gps;
			productReference = 61ED820C2E8A27A70078797A /* safesteps.gps.app */;
			productType = "com.apple.product-type.application";
		};
		61ED821F2E8A27A90078797A /* safesteps.gpsTests */ = {
			isa = PBXNativeTarget;
			buildConfigurationList = 61ED82382E8A27A90078797A /* Build configuration list for PBXNativeTarget "safesteps.gpsTests" */;
			buildPhases = (
				61ED821C2E8A27A90078797A /* Sources */,
				61ED821D2E8A27A90078797A /* Frameworks */,
				61ED821E2E8A27A90078797A /* Resources */,
			);
			buildRules = (
			);
			dependencies = (
				61ED82222E8A27A90078797A /* PBXTargetDependency */,
			);
			fileSystemSynchronizedGroups = (
				61ED82232E8A27A90078797A /* safesteps.gpsTests */,
			);
			name = safesteps.gpsTests;
			packageProductDependencies = (
			);
			productName = safesteps.gpsTests;
			productReference = 61ED82202E8A27A90078797A /* safesteps.gpsTests.xctest */;
			productType = "com.apple.product-type.bundle.unit-test";
		};
		61ED82292E8A27A90078797A /* safesteps.gpsUITests */ = {
			isa = PBXNativeTarget;
			buildConfigurationList = 61ED823B2E8A27A90078797A /* Build configuration list for PBXNativeTarget "safesteps.gpsUITests" */;
			buildPhases = (
				61ED82262E8A27A90078797A /* Sources */,
				61ED82272E8A27A90078797A /* Frameworks */,
				61ED82282E8A27A90078797A /* Resources */,
			);
			buildRules = (
			);
			dependencies = (
				61ED822C2E8A27A90078797A /* PBXTargetDependency */,
			);
			fileSystemSynchronizedGroups = (
				61ED822D2E8A27A90078797A /* safesteps.gpsUITests */,
			);
			name = safesteps.gpsUITests;
			packageProductDependencies = (
			);
			productName = safesteps.gpsUITests;
			productReference = 61ED822A2E8A27A90078797A /* safesteps.gpsUITests.xctest */;
			productType = "com.apple.product-type.bundle.ui-testing";
		};
/* End PBXNativeTarget section */

/* Begin PBXProject section */
		61ED82042E8A27A70078797A /* Project object */ = {
			isa = PBXProject;
			attributes = {
				BuildIndependentTargetsInParallel = 1;
				LastSwiftUpdateCheck = 1610;
				LastUpgradeCheck = 1610;
				TargetAttributes = {
					61ED820B2E8A27A70078797A = {
						CreatedOnToolsVersion = 16.1;
					};
					61ED821F2E8A27A90078797A = {
						CreatedOnToolsVersion = 16.1;
						TestTargetID = 61ED820B2E8A27A70078797A;
					};
					61ED82292E8A27A90078797A = {
						CreatedOnToolsVersion = 16.1;
						TestTargetID = 61ED820B2E8A27A70078797A;
					};
				};
			};
			buildConfigurationList = 61ED82072E8A27A70078797A /* Build configuration list for PBXProject "safesteps.gps" */;
			developmentRegion = en;
			hasScannedForEncodings = 0;
			knownRegions = (
				en,
				Base,
			);
			mainGroup = 61ED82032E8A27A70078797A;
			minimizedProjectReferenceProxies = 1;
			packageReferences = (
				61ED823E2E8A2B9C0078797A /* XCRemoteSwiftPackageReference "firebase-ios-sdk" */,
				61ED824F2E8A2CC70078797A /* XCRemoteSwiftPackageReference "grpc-swift" */,
				61ED82522E8A2D090078797A /* XCRemoteSwiftPackageReference "promises" */,
				61ED82552E8A2D7C0078797A /* XCRemoteSwiftPackageReference "swift-protobuf" */,
				61ED82EA2E8DA5F60078797A /* XCRemoteSwiftPackageReference "SkeletonUI" */,
				61ED82ED2E8DA6ED0078797A /* XCRemoteSwiftPackageReference "Polyline" */,
			);
			preferredProjectObjectVersion = 77;
			productRefGroup = 61ED820D2E8A27A70078797A /* Products */;
			projectDirPath = "";
			projectRoot = "";
			targets = (
				61ED820B2E8A27A70078797A /* safesteps.gps */,
				61ED821F2E8A27A90078797A /* safesteps.gpsTests */,
				61ED82292E8A27A90078797A /* safesteps.gpsUITests */,
			);
		};
/* End PBXProject section */

/* Begin PBXResourcesBuildPhase section */
		61ED820A2E8A27A70078797A /* Resources */ = {
			isa = PBXResourcesBuildPhase;
			buildActionMask = 2147483647;
			files = (
			);
			runOnlyForDeploymentPostprocessing = 0;
		};
		61ED821E2E8A27A90078797A /* Resources */ = {
			isa = PBXResourcesBuildPhase;
			buildActionMask = 2147483647;
			files = (
			);
			runOnlyForDeploymentPostprocessing = 0;
		};
		61ED82282E8A27A90078797A /* Resources */ = {
			isa = PBXResourcesBuildPhase;
			buildActionMask = 2147483647;
			files = (
			);
			runOnlyForDeploymentPostprocessing = 0;
		};
/* End PBXResourcesBuildPhase section */

/* Begin PBXSourcesBuildPhase section */
		61ED82082E8A27A70078797A /* Sources */ = {
			isa = PBXSourcesBuildPhase;
			buildActionMask = 2147483647;
			files = (
			);
			runOnlyForDeploymentPostprocessing = 0;
		};
		61ED821C2E8A27A90078797A /* Sources */ = {
			isa = PBXSourcesBuildPhase;
			buildActionMask = 2147483647;
			files = (
			);
			runOnlyForDeploymentPostprocessing = 0;
		};
		61ED82262E8A27A90078797A /* Sources */ = {
			isa = PBXSourcesBuildPhase;
			buildActionMask = 2147483647;
			files = (
			);
			runOnlyForDeploymentPostprocessing = 0;
		};
/* End PBXSourcesBuildPhase section */

/* Begin PBXTargetDependency section */
		61ED82222E8A27A90078797A /* PBXTargetDependency */ = {
			isa = PBXTargetDependency;
			target = 61ED820B2E8A27A70078797A /* safesteps.gps */;
			targetProxy = 61ED82212E8A27A90078797A /* PBXContainerItemProxy */;
		};
		61ED822C2E8A27A90078797A /* PBXTargetDependency */ = {
			isa = PBXTargetDependency;
			target = 61ED820B2E8A27A70078797A /* safesteps.gps */;
			targetProxy = 61ED822B2E8A27A90078797A /* PBXContainerItemProxy */;
		};
/* End PBXTargetDependency section */

/* Begin XCBuildConfiguration section */
		61ED82342E8A27A90078797A /* Debug */ = {
			isa = XCBuildConfiguration;
			buildSettings = {
				ASSETCATALOG_COMPILER_APPICON_NAME = AppIcon;
				ASSETCATALOG_COMPILER_GLOBAL_ACCENT_COLOR_NAME = AccentColor;
				ASSETCATALOG_COMPILER_INCLUDE_ALL_APPICON_ASSETS = YES;
				CODE_SIGN_ENTITLEMENTS = safesteps.gps/safesteps_gps.entitlements;
				CODE_SIGN_STYLE = Automatic;
				CURRENT_PROJECT_VERSION = 1;
				DEVELOPMENT_ASSET_PATHS = "\"safesteps.gps/Preview Content\"";
				DEVELOPMENT_TEAM = SZGWRN6R94;
				ENABLE_PREVIEWS = YES;
				GENERATE_INFOPLIST_FILE = YES;
				INFOPLIST_FILE = safesteps.gps/Info.plist;
				INFOPLIST_KEY_NSLocationAlwaysAndWhenInUseUsageDescription = "We need your location to track your walking routes and detect movement";
				INFOPLIST_KEY_NSLocationAlwaysUsageDescription = "We need your location to track your walking routes in the background";
				INFOPLIST_KEY_NSLocationWhenInUseUsageDescription = "We need your location to track your walking routes";
				INFOPLIST_KEY_UIApplicationSceneManifest_Generation = YES;
				INFOPLIST_KEY_UIApplicationSupportsIndirectInputEvents = YES;
				INFOPLIST_KEY_UILaunchScreen_Generation = YES;
				INFOPLIST_KEY_UISupportedInterfaceOrientations = "UIInterfaceOrientationLandscapeLeft UIInterfaceOrientationLandscapeRight UIInterfaceOrientationPortrait";
				INFOPLIST_KEY_UISupportedInterfaceOrientations_iPad = "UIInterfaceOrientationLandscapeLeft UIInterfaceOrientationLandscapeRight UIInterfaceOrientationPortrait UIInterfaceOrientationPortraitUpsideDown";
				IPHONEOS_DEPLOYMENT_TARGET = 16.0;
				LD_RUNPATH_SEARCH_PATHS = (
					"$(inherited)",
					"@executable_path/Frameworks",
				);
				MARKETING_VERSION = 1.0;
				PRODUCT_BUNDLE_IDENTIFIER = "umich.dpm.safesteps-gps";
				PRODUCT_NAME = "$(TARGET_NAME)";
				SUPPORTED_PLATFORMS = "iphoneos iphonesimulator";
				SUPPORTS_MACCATALYST = NO;
				SWIFT_EMIT_LOC_STRINGS = YES;
				SWIFT_VERSION = 5.0;
				TARGETED_DEVICE_FAMILY = 1;
			};
			name = Debug;
		};
		61ED82352E8A27A90078797A /* Release */ = {
			isa = XCBuildConfiguration;
			buildSettings = {
				ASSETCATALOG_COMPILER_APPICON_NAME = AppIcon;
				ASSETCATALOG_COMPILER_GLOBAL_ACCENT_COLOR_NAME = AccentColor;
				ASSETCATALOG_COMPILER_INCLUDE_ALL_APPICON_ASSETS = YES;
				CODE_SIGN_ENTITLEMENTS = safesteps.gps/safesteps_gps.entitlements;
				CODE_SIGN_STYLE = Automatic;
				CURRENT_PROJECT_VERSION = 1;
				DEVELOPMENT_ASSET_PATHS = "\"safesteps.gps/Preview Content\"";
				DEVELOPMENT_TEAM = SZGWRN6R94;
				ENABLE_PREVIEWS = YES;
				GENERATE_INFOPLIST_FILE = YES;
				INFOPLIST_FILE = safesteps.gps/Info.plist;
				INFOPLIST_KEY_NSLocationAlwaysAndWhenInUseUsageDescription = "We need your location to track your walking routes and detect movement";
				INFOPLIST_KEY_NSLocationAlwaysUsageDescription = "We need your location to track your walking routes in the background";
				INFOPLIST_KEY_NSLocationWhenInUseUsageDescription = "We need your location to track your walking routes";
				INFOPLIST_KEY_UIApplicationSceneManifest_Generation = YES;
				INFOPLIST_KEY_UIApplicationSupportsIndirectInputEvents = YES;
				INFOPLIST_KEY_UILaunchScreen_Generation = YES;
				INFOPLIST_KEY_UISupportedInterfaceOrientations = "UIInterfaceOrientationLandscapeLeft UIInterfaceOrientationLandscapeRight UIInterfaceOrientationPortrait";
				INFOPLIST_KEY_UISupportedInterfaceOrientations_iPad = "UIInterfaceOrientationLandscapeLeft UIInterfaceOrientationLandscapeRight UIInterfaceOrientationPortrait UIInterfaceOrientationPortraitUpsideDown";
				IPHONEOS_DEPLOYMENT_TARGET = 16.0;
				LD_RUNPATH_SEARCH_PATHS = (
					"$(inherited)",
					"@executable_path/Frameworks",
				);
				MARKETING_VERSION = 1.0;
				PRODUCT_BUNDLE_IDENTIFIER = "umich.dpm.safesteps-gps";
				PRODUCT_NAME = "$(TARGET_NAME)";
				SUPPORTED_PLATFORMS = "iphoneos iphonesimulator";
				SUPPORTS_MACCATALYST = NO;
				SWIFT_EMIT_LOC_STRINGS = YES;
				SWIFT_VERSION = 5.0;
				TARGETED_DEVICE_FAMILY = 1;
			};
			name = Release;
		};
		61ED82362E8A27A90078797A /* Debug */ = {
			isa = XCBuildConfiguration;
			buildSettings = {
				ALWAYS_SEARCH_USER_PATHS = NO;
				ASSETCATALOG_COMPILER_GENERATE_SWIFT_ASSET_SYMBOL_EXTENSIONS = YES;
				CLANG_ANALYZER_NONNULL = YES;
				CLANG_ANALYZER_NUMBER_OBJECT_CONVERSION = YES_AGGRESSIVE;
				CLANG_CXX_LANGUAGE_STANDARD = "gnu++20";
				CLANG_ENABLE_MODULES = YES;
				CLANG_ENABLE_OBJC_ARC = YES;
				CLANG_ENABLE_OBJC_WEAK = YES;
				CLANG_WARN_BLOCK_CAPTURE_AUTORELEASING = YES;
				CLANG_WARN_BOOL_CONVERSION = YES;
				CLANG_WARN_COMMA = YES;
				CLANG_WARN_CONSTANT_CONVERSION = YES;
				CLANG_WARN_DEPRECATED_OBJC_IMPLEMENTATIONS = YES;
				CLANG_WARN_DIRECT_OBJC_ISA_USAGE = YES_ERROR;
				CLANG_WARN_DOCUMENTATION_COMMENTS = YES;
				CLANG_WARN_EMPTY_BODY = YES;
				CLANG_WARN_ENUM_CONVERSION = YES;
				CLANG_WARN_INFINITE_RECURSION = YES;
				CLANG_WARN_INT_CONVERSION = YES;
				CLANG_WARN_NON_LITERAL_NULL_CONVERSION = YES;
				CLANG_WARN_OBJC_IMPLICIT_RETAIN_SELF = YES;
				CLANG_WARN_OBJC_LITERAL_CONVERSION = YES;
				CLANG_WARN_OBJC_ROOT_CLASS = YES_ERROR;
				CLANG_WARN_QUOTED_INCLUDE_IN_FRAMEWORK_HEADER = YES;
				CLANG_WARN_RANGE_LOOP_ANALYSIS = YES;
				CLANG_WARN_STRICT_PROTOTYPES = YES;
				CLANG_WARN_SUSPICIOUS_MOVE = YES;
				CLANG_WARN_UNGUARDED_AVAILABILITY = YES_AGGRESSIVE;
				CLANG_WARN_UNREACHABLE_CODE = YES;
				CLANG_WARN__DUPLICATE_METHOD_MATCH = YES;
				COPY_PHASE_STRIP = NO;
				DEBUG_INFORMATION_FORMAT = dwarf;
				ENABLE_STRICT_OBJC_MSGSEND = YES;
				ENABLE_TESTABILITY = YES;
				ENABLE_USER_SCRIPT_SANDBOXING = YES;
				GCC_C_LANGUAGE_STANDARD = gnu17;
				GCC_DYNAMIC_NO_PIC = NO;
				GCC_NO_COMMON_BLOCKS = YES;
				GCC_OPTIMIZATION_LEVEL = 0;
				GCC_PREPROCESSOR_DEFINITIONS = (
					"DEBUG=1",
					"$(inherited)",
				);
				GCC_WARN_64_TO_32_BIT_CONVERSION = YES;
				GCC_WARN_ABOUT_RETURN_TYPE = YES_ERROR;
				GCC_WARN_UNDECLARED_SELECTOR = YES;
				GCC_WARN_UNINITIALIZED_AUTOS = YES_AGGRESSIVE;
				GCC_WARN_UNUSED_FUNCTION = YES;
				GCC_WARN_UNUSED_VARIABLE = YES;
				IPHONEOS_DEPLOYMENT_TARGET = 18.1;
				LOCALIZATION_PREFERS_STRING_CATALOGS = YES;
				MTL_ENABLE_DEBUG_INFO = INCLUDE_SOURCE;
				MTL_FAST_MATH = YES;
				ONLY_ACTIVE_ARCH = YES;
				SDKROOT = iphoneos;
				SWIFT_ACTIVE_COMPILATION_CONDITIONS = "DEBUG $(inherited)";
				SWIFT_OPTIMIZATION_LEVEL = "-Onone";
			};
			name = Debug;
		};
		61ED82372E8A27A90078797A /* Release */ = {
			isa = XCBuildConfiguration;
			buildSettings = {
				ALWAYS_SEARCH_USER_PATHS = NO;
				ASSETCATALOG_COMPILER_GENERATE_SWIFT_ASSET_SYMBOL_EXTENSIONS = YES;
				CLANG_ANALYZER_NONNULL = YES;
				CLANG_ANALYZER_NUMBER_OBJECT_CONVERSION = YES_AGGRESSIVE;
				CLANG_CXX_LANGUAGE_STANDARD = "gnu++20";
				CLANG_ENABLE_MODULES = YES;
				CLANG_ENABLE_OBJC_ARC = YES;
				CLANG_ENABLE_OBJC_WEAK = YES;
				CLANG_WARN_BLOCK_CAPTURE_AUTORELEASING = YES;
				CLANG_WARN_BOOL_CONVERSION = YES;
				CLANG_WARN_COMMA = YES;
				CLANG_WARN_CONSTANT_CONVERSION = YES;
				CLANG_WARN_DEPRECATED_OBJC_IMPLEMENTATIONS = YES;
				CLANG_WARN_DIRECT_OBJC_ISA_USAGE = YES_ERROR;
				CLANG_WARN_DOCUMENTATION_COMMENTS = YES;
				CLANG_WARN_EMPTY_BODY = YES;
				CLANG_WARN_ENUM_CONVERSION = YES;
				CLANG_WARN_INFINITE_RECURSION = YES;
				CLANG_WARN_INT_CONVERSION = YES;
				CLANG_WARN_NON_LITERAL_NULL_CONVERSION = YES;
				CLANG_WARN_OBJC_IMPLICIT_RETAIN_SELF = YES;
				CLANG_WARN_OBJC_LITERAL_CONVERSION = YES;
				CLANG_WARN_OBJC_ROOT_CLASS = YES_ERROR;
				CLANG_WARN_QUOTED_INCLUDE_IN_FRAMEWORK_HEADER = YES;
				CLANG_WARN_RANGE_LOOP_ANALYSIS = YES;
				CLANG_WARN_STRICT_PROTOTYPES = YES;
				CLANG_WARN_SUSPICIOUS_MOVE = YES;
				CLANG_WARN_UNGUARDED_AVAILABILITY = YES_AGGRESSIVE;
				CLANG_WARN_UNREACHABLE_CODE = YES;
				CLANG_WARN__DUPLICATE_METHOD_MATCH = YES;
				COPY_PHASE_STRIP = NO;
				DEBUG_INFORMATION_FORMAT = "dwarf-with-dsym";
				ENABLE_NS_ASSERTIONS = NO;
				ENABLE_STRICT_OBJC_MSGSEND = YES;
				ENABLE_USER_SCRIPT_SANDBOXING = YES;
				GCC_C_LANGUAGE_STANDARD = gnu17;
				GCC_NO_COMMON_BLOCKS = YES;
				GCC_WARN_64_TO_32_BIT_CONVERSION = YES;
				GCC_WARN_ABOUT_RETURN_TYPE = YES_ERROR;
				GCC_WARN_UNDECLARED_SELECTOR = YES;
				GCC_WARN_UNINITIALIZED_AUTOS = YES_AGGRESSIVE;
				GCC_WARN_UNUSED_FUNCTION = YES;
				GCC_WARN_UNUSED_VARIABLE = YES;
				IPHONEOS_DEPLOYMENT_TARGET = 18.1;
				LOCALIZATION_PREFERS_STRING_CATALOGS = YES;
				MTL_ENABLE_DEBUG_INFO = NO;
				MTL_FAST_MATH = YES;
				SDKROOT = iphoneos;
				SWIFT_COMPILATION_MODE = wholemodule;
				VALIDATE_PRODUCT = YES;
			};
			name = Release;
		};
		61ED82392E8A27A90078797A /* Debug */ = {
			isa = XCBuildConfiguration;
			buildSettings = {
				BUNDLE_LOADER = "$(TEST_HOST)";
				CODE_SIGN_STYLE = Automatic;
				CURRENT_PROJECT_VERSION = 1;
				DEVELOPMENT_TEAM = SZGWRN6R94;
				GENERATE_INFOPLIST_FILE = YES;
				IPHONEOS_DEPLOYMENT_TARGET = 18.1;
				MARKETING_VERSION = 1.0;
				PRODUCT_BUNDLE_IDENTIFIER = "umich.dpm.safesteps-gpsTests";
				PRODUCT_NAME = "$(TARGET_NAME)";
				SWIFT_EMIT_LOC_STRINGS = NO;
				SWIFT_VERSION = 5.0;
				TARGETED_DEVICE_FAMILY = "1,2";
				TEST_HOST = "$(BUILT_PRODUCTS_DIR)/safesteps.gps.app/$(BUNDLE_EXECUTABLE_FOLDER_PATH)/safesteps.gps";
			};
			name = Debug;
		};
		61ED823A2E8A27A90078797A /* Release */ = {
			isa = XCBuildConfiguration;
			buildSettings = {
				BUNDLE_LOADER = "$(TEST_HOST)";
				CODE_SIGN_STYLE = Automatic;
				CURRENT_PROJECT_VERSION = 1;
				DEVELOPMENT_TEAM = SZGWRN6R94;
				GENERATE_INFOPLIST_FILE = YES;
				IPHONEOS_DEPLOYMENT_TARGET = 18.1;
				MARKETING_VERSION = 1.0;
				PRODUCT_BUNDLE_IDENTIFIER = "umich.dpm.safesteps-gpsTests";
				PRODUCT_NAME = "$(TARGET_NAME)";
				SWIFT_EMIT_LOC_STRINGS = NO;
				SWIFT_VERSION = 5.0;
				TARGETED_DEVICE_FAMILY = "1,2";
				TEST_HOST = "$(BUILT_PRODUCTS_DIR)/safesteps.gps.app/$(BUNDLE_EXECUTABLE_FOLDER_PATH)/safesteps.gps";
			};
			name = Release;
		};
		61ED823C2E8A27A90078797A /* Debug */ = {
			isa = XCBuildConfiguration;
			buildSettings = {
				CODE_SIGN_STYLE = Automatic;
				CURRENT_PROJECT_VERSION = 1;
				DEVELOPMENT_TEAM = SZGWRN6R94;
				GENERATE_INFOPLIST_FILE = YES;
				MARKETING_VERSION = 1.0;
				PRODUCT_BUNDLE_IDENTIFIER = "umich.dpm.safesteps-gpsUITests";
				PRODUCT_NAME = "$(TARGET_NAME)";
				SWIFT_EMIT_LOC_STRINGS = NO;
				SWIFT_VERSION = 5.0;
				TARGETED_DEVICE_FAMILY = "1,2";
				TEST_TARGET_NAME = safesteps.gps;
			};
			name = Debug;
		};
		61ED823D2E8A27A90078797A /* Release */ = {
			isa = XCBuildConfiguration;
			buildSettings = {
				CODE_SIGN_STYLE = Automatic;
				CURRENT_PROJECT_VERSION = 1;
				DEVELOPMENT_TEAM = SZGWRN6R94;
				GENERATE_INFOPLIST_FILE = YES;
				MARKETING_VERSION = 1.0;
				PRODUCT_BUNDLE_IDENTIFIER = "umich.dpm.safesteps-gpsUITests";
				PRODUCT_NAME = "$(TARGET_NAME)";
				SWIFT_EMIT_LOC_STRINGS = NO;
				SWIFT_VERSION = 5.0;
				TARGETED_DEVICE_FAMILY = "1,2";
				TEST_TARGET_NAME = safesteps.gps;
			};
			name = Release;
		};
/* End XCBuildConfiguration section */

/* Begin XCConfigurationList section */
		61ED82072E8A27A70078797A /* Build configuration list for PBXProject "safesteps.gps" */ = {
			isa = XCConfigurationList;
			buildConfigurations = (
				61ED82362E8A27A90078797A /* Debug */,
				61ED82372E8A27A90078797A /* Release */,
			);
			defaultConfigurationIsVisible = 0;
			defaultConfigurationName = Release;
		};
		61ED82332E8A27A90078797A /* Build configuration list for PBXNativeTarget "safesteps.gps" */ = {
			isa = XCConfigurationList;
			buildConfigurations = (
				61ED82342E8A27A90078797A /* Debug */,
				61ED82352E8A27A90078797A /* Release */,
			);
			defaultConfigurationIsVisible = 0;
			defaultConfigurationName = Release;
		};
		61ED82382E8A27A90078797A /* Build configuration list for PBXNativeTarget "safesteps.gpsTests" */ = {
			isa = XCConfigurationList;
			buildConfigurations = (
				61ED82392E8A27A90078797A /* Debug */,
				61ED823A2E8A27A90078797A /* Release */,
			);
			defaultConfigurationIsVisible = 0;
			defaultConfigurationName = Release;
		};
		61ED823B2E8A27A90078797A /* Build configuration list for PBXNativeTarget "safesteps.gpsUITests" */ = {
			isa = XCConfigurationList;
			buildConfigurations = (
				61ED823C2E8A27A90078797A /* Debug */,
				61ED823D2E8A27A90078797A /* Release */,
			);
			defaultConfigurationIsVisible = 0;
			defaultConfigurationName = Release;
		};
/* End XCConfigurationList section */

/* Begin XCRemoteSwiftPackageReference section */
		61ED823E2E8A2B9C0078797A /* XCRemoteSwiftPackageReference "firebase-ios-sdk" */ = {
			isa = XCRemoteSwiftPackageReference;
			repositoryURL = "https://github.com/firebase/firebase-ios-sdk";
			requirement = {
				kind = upToNextMajorVersion;
				minimumVersion = 12.3.0;
			};
		};
		61ED824F2E8A2CC70078797A /* XCRemoteSwiftPackageReference "grpc-swift" */ = {
			isa = XCRemoteSwiftPackageReference;
			repositoryURL = "https://github.com/grpc/grpc-swift";
			requirement = {
				kind = upToNextMajorVersion;
				minimumVersion = 2.2.3;
			};
		};
		61ED82522E8A2D090078797A /* XCRemoteSwiftPackageReference "promises" */ = {
			isa = XCRemoteSwiftPackageReference;
			repositoryURL = "https://github.com/google/promises";
			requirement = {
				kind = upToNextMajorVersion;
				minimumVersion = 2.4.0;
			};
		};
		61ED82552E8A2D7C0078797A /* XCRemoteSwiftPackageReference "swift-protobuf" */ = {
			isa = XCRemoteSwiftPackageReference;
			repositoryURL = "https://github.com/apple/swift-protobuf.git";
			requirement = {
				kind = upToNextMajorVersion;
				minimumVersion = 1.31.1;
			};
		};
		61ED82EA2E8DA5F60078797A /* XCRemoteSwiftPackageReference "SkeletonUI" */ = {
			isa = XCRemoteSwiftPackageReference;
			repositoryURL = "https://github.com/CSolanaM/SkeletonUI.git";
			requirement = {
				kind = upToNextMajorVersion;
				minimumVersion = 2.0.2;
			};
		};
		61ED82ED2E8DA6ED0078797A /* XCRemoteSwiftPackageReference "Polyline" */ = {
			isa = XCRemoteSwiftPackageReference;
			repositoryURL = "https://github.com/raphaelmor/Polyline.git";
			requirement = {
				kind = upToNextMajorVersion;
				minimumVersion = 5.0.0;
			};
		};
/* End XCRemoteSwiftPackageReference section */

/* Begin XCSwiftPackageProductDependency section */
		61ED823F2E8A2B9C0078797A /* FirebaseAnalytics */ = {
			isa = XCSwiftPackageProductDependency;
			package = 61ED823E2E8A2B9C0078797A /* XCRemoteSwiftPackageReference "firebase-ios-sdk" */;
			productName = FirebaseAnalytics;
		};
		61ED82412E8A2B9C0078797A /* FirebaseAppDistribution-Beta */ = {
			isa = XCSwiftPackageProductDependency;
			package = 61ED823E2E8A2B9C0078797A /* XCRemoteSwiftPackageReference "firebase-ios-sdk" */;
			productName = "FirebaseAppDistribution-Beta";
		};
		61ED82432E8A2B9C0078797A /* FirebaseAuth */ = {
			isa = XCSwiftPackageProductDependency;
			package = 61ED823E2E8A2B9C0078797A /* XCRemoteSwiftPackageReference "firebase-ios-sdk" */;
			productName = FirebaseAuth;
		};
		61ED82452E8A2B9C0078797A /* FirebaseCore */ = {
			isa = XCSwiftPackageProductDependency;
			package = 61ED823E2E8A2B9C0078797A /* XCRemoteSwiftPackageReference "firebase-ios-sdk" */;
			productName = FirebaseCore;
		};
		61ED82472E8A2B9C0078797A /* FirebaseCrashlytics */ = {
			isa = XCSwiftPackageProductDependency;
			package = 61ED823E2E8A2B9C0078797A /* XCRemoteSwiftPackageReference "firebase-ios-sdk" */;
			productName = FirebaseCrashlytics;
		};
		61ED82492E8A2B9C0078797A /* FirebaseFirestore */ = {
			isa = XCSwiftPackageProductDependency;
			package = 61ED823E2E8A2B9C0078797A /* XCRemoteSwiftPackageReference "firebase-ios-sdk" */;
			productName = FirebaseFirestore;
		};
		61ED824B2E8A2B9C0078797A /* FirebaseInAppMessaging-Beta */ = {
			isa = XCSwiftPackageProductDependency;
			package = 61ED823E2E8A2B9C0078797A /* XCRemoteSwiftPackageReference "firebase-ios-sdk" */;
			productName = "FirebaseInAppMessaging-Beta";
		};
		61ED824D2E8A2B9C0078797A /* FirebaseMessaging */ = {
			isa = XCSwiftPackageProductDependency;
			package = 61ED823E2E8A2B9C0078797A /* XCRemoteSwiftPackageReference "firebase-ios-sdk" */;
			productName = FirebaseMessaging;
		};
		61ED82502E8A2CC70078797A /* GRPCCore */ = {
			isa = XCSwiftPackageProductDependency;
			package = 61ED824F2E8A2CC70078797A /* XCRemoteSwiftPackageReference "grpc-swift" */;
			productName = GRPCCore;
		};
		61ED82532E8A2D090078797A /* Promises */ = {
			isa = XCSwiftPackageProductDependency;
			package = 61ED82522E8A2D090078797A /* XCRemoteSwiftPackageReference "promises" */;
			productName = Promises;
		};
		61ED82EB2E8DA5F60078797A /* SkeletonUI */ = {
			isa = XCSwiftPackageProductDependency;
			package = 61ED82EA2E8DA5F60078797A /* XCRemoteSwiftPackageReference "SkeletonUI" */;
			productName = SkeletonUI;
		};
		61ED82EE2E8DA6ED0078797A /* Polyline */ = {
			isa = XCSwiftPackageProductDependency;
			package = 61ED82ED2E8DA6ED0078797A /* XCRemoteSwiftPackageReference "Polyline" */;
			productName = Polyline;
		};
		61ED83742E9442370078797A /* FirebaseStorage */ = {
			isa = XCSwiftPackageProductDependency;
			package = 61ED823E2E8A2B9C0078797A /* XCRemoteSwiftPackageReference "firebase-ios-sdk" */;
			productName = FirebaseStorage;
		};
/* End XCSwiftPackageProductDependency section */
	};
	rootObject = 61ED82042E8A27A70078797A /* Project object */;
}
